
Microsoft Visual Studio Solution File, Format Version 12.00
# Visual Studio Version 17
VisualStudioVersion = 17.1.32421.90
MinimumVisualStudioVersion = 10.0.40219.1
Project("{FAE04EC0-301F-11D3-BF4B-00C04F79EFBC}") = "ProjektNr3_Palacz53262", "ProjektNr3_Palacz53262.csproj", "{D667D637-4CE5-44E2-B9F2-8D13B7D66F85}"
EndProject
Global
	GlobalSection(SolutionConfigurationPlatforms) = preSolution
		Debug|Any CPU = Debug|Any CPU
		Release|Any CPU = Release|Any CPU
	EndGlobalSection
	GlobalSection(ProjectConfigurationPlatforms) = postSolution
		{D667D637-4CE5-44E2-B9F2-8D13B7D66F85}.Debug|Any CPU.ActiveCfg = Debug|Any CPU
		{D667D637-4CE5-44E2-B9F2-8D13B7D66F85}.Debug|Any CPU.Build.0 = Debug|Any CPU
		{D667D637-4CE5-44E2-B9F2-8D13B7D66F85}.Release|Any CPU.ActiveCfg = Release|Any CPU
		{D667D637-4CE5-44E2-B9F2-8D13B7D66F85}.Release|Any CPU.Build.0 = Release|Any CPU
	EndGlobalSection
	GlobalSection(SolutionProperties) = preSolution
		HideSolutionNode = FALSE
	EndGlobalSection
	GlobalSection(ExtensibilityGlobals) = postSolution
		SolutionGuid = {BB1C3D73-0CF2-4458-B524-1C94DD0FC4BC}
	EndGlobalSection
EndGlobal
